
Microsoft Visual Studio Solution File, Format Version 12.00
# Visual Studio Version 16
VisualStudioVersion = 16.0.29709.97
MinimumVisualStudioVersion = 10.0.40219.1
Project("{FAE04EC0-301F-11D3-BF4B-00C04F79EFBC}") = "Generador SQL", "Generador SQL\Generador SQL.csproj", "{8E85714D-879D-43D9-B6BF-F651A7340997}"
EndProject
Global
	GlobalSection(SolutionConfigurationPlatforms) = preSolution
		Debug|Any CPU = Debug|Any CPU
		Release|Any CPU = Release|Any CPU
	EndGlobalSection
	GlobalSection(ProjectConfigurationPlatforms) = postSolution
		{8E85714D-879D-43D9-B6BF-F651A7340997}.Debug|Any CPU.ActiveCfg = Debug|Any CPU
		{8E85714D-879D-43D9-B6BF-F651A7340997}.Debug|Any CPU.Build.0 = Debug|Any CPU
		{8E85714D-879D-43D9-B6BF-F651A7340997}.Release|Any CPU.ActiveCfg = Release|Any CPU
		{8E85714D-879D-43D9-B6BF-F651A7340997}.Release|Any CPU.Build.0 = Release|Any CPU
	EndGlobalSection
	GlobalSection(SolutionProperties) = preSolution
		HideSolutionNode = FALSE
	EndGlobalSection
	GlobalSection(ExtensibilityGlobals) = postSolution
		SolutionGuid = {BD01FBC0-FF84-4E7E-A8AB-649FA38F75C6}
	EndGlobalSection
EndGlobal
